
Microsoft Visual Studio Solution File, Format Version 12.00
# Visual Studio Version 17
VisualStudioVersion = 17.5.33424.131
MinimumVisualStudioVersion = 10.0.40219.1
Project("{FAE04EC0-301F-11D3-BF4B-00C04F79EFBC}") = "E_Ticaret_2023", "E_Ticaret_2023\E_Ticaret_2023.csproj", "{5C358FA4-92FA-4F6C-BD69-EEDAFEA49232}"
EndProject
Project("{FAE04EC0-301F-11D3-BF4B-00C04F79EFBC}") = "KategoriAPI", "KategoriAPI\KategoriAPI.csproj", "{92321A32-69E7-472E-89EF-DA9331425DF5}"
EndProject
Global
	GlobalSection(SolutionConfigurationPlatforms) = preSolution
		Debug|Any CPU = Debug|Any CPU
		Release|Any CPU = Release|Any CPU
	EndGlobalSection
	GlobalSection(ProjectConfigurationPlatforms) = postSolution
		{5C358FA4-92FA-4F6C-BD69-EEDAFEA49232}.Debug|Any CPU.ActiveCfg = Debug|Any CPU
		{5C358FA4-92FA-4F6C-BD69-EEDAFEA49232}.Debug|Any CPU.Build.0 = Debug|Any CPU
		{5C358FA4-92FA-4F6C-BD69-EEDAFEA49232}.Release|Any CPU.ActiveCfg = Release|Any CPU
		{5C358FA4-92FA-4F6C-BD69-EEDAFEA49232}.Release|Any CPU.Build.0 = Release|Any CPU
		{92321A32-69E7-472E-89EF-DA9331425DF5}.Debug|Any CPU.ActiveCfg = Debug|Any CPU
		{92321A32-69E7-472E-89EF-DA9331425DF5}.Debug|Any CPU.Build.0 = Debug|Any CPU
		{92321A32-69E7-472E-89EF-DA9331425DF5}.Release|Any CPU.ActiveCfg = Release|Any CPU
		{92321A32-69E7-472E-89EF-DA9331425DF5}.Release|Any CPU.Build.0 = Release|Any CPU
	EndGlobalSection
	GlobalSection(SolutionProperties) = preSolution
		HideSolutionNode = FALSE
	EndGlobalSection
	GlobalSection(ExtensibilityGlobals) = postSolution
		SolutionGuid = {18A06004-B1F6-4226-8ECD-3DE9AE61DBC0}
	EndGlobalSection
EndGlobal
